
Microsoft Visual Studio Solution File, Format Version 12.00
# Visual Studio Version 17
VisualStudioVersion = 17.6.33815.320
MinimumVisualStudioVersion = 10.0.40219.1
Project("{FAE04EC0-301F-11D3-BF4B-00C04F79EFBC}") = "TodoList", "TodoList.csproj", "{E03FCF33-DB8D-4835-97E2-30359A441C3C}"
EndProject
Global
	GlobalSection(SolutionConfigurationPlatforms) = preSolution
		Debug|Any CPU = Debug|Any CPU
		Release|Any CPU = Release|Any CPU
	EndGlobalSection
	GlobalSection(ProjectConfigurationPlatforms) = postSolution
		{E03FCF33-DB8D-4835-97E2-30359A441C3C}.Debug|Any CPU.ActiveCfg = Debug|Any CPU
		{E03FCF33-DB8D-4835-97E2-30359A441C3C}.Debug|Any CPU.Build.0 = Debug|Any CPU
		{E03FCF33-DB8D-4835-97E2-30359A441C3C}.Release|Any CPU.ActiveCfg = Release|Any CPU
		{E03FCF33-DB8D-4835-97E2-30359A441C3C}.Release|Any CPU.Build.0 = Release|Any CPU
	EndGlobalSection
	GlobalSection(SolutionProperties) = preSolution
		HideSolutionNode = FALSE
	EndGlobalSection
	GlobalSection(ExtensibilityGlobals) = postSolution
		SolutionGuid = {04888126-B721-4A82-8172-8894C6E6F3CF}
	EndGlobalSection
EndGlobal
